
Microsoft Visual Studio Solution File, Format Version 12.00
# Visual Studio 2012
Project("{FAE04EC0-301F-11D3-BF4B-00C04F79EFBC}") = "DotNetViews", "DotNetViews\DotNetViews.csproj", "{AE11C59B-4807-41DF-B252-DB360AFD05D7}"
EndProject
Global
	GlobalSection(SolutionConfigurationPlatforms) = preSolution
		Debug|Any CPU = Debug|Any CPU
		Release|Any CPU = Release|Any CPU
	EndGlobalSection
	GlobalSection(ProjectConfigurationPlatforms) = postSolution
		{AE11C59B-4807-41DF-B252-DB360AFD05D7}.Debug|Any CPU.ActiveCfg = Debug|Any CPU
		{AE11C59B-4807-41DF-B252-DB360AFD05D7}.Debug|Any CPU.Build.0 = Debug|Any CPU
		{AE11C59B-4807-41DF-B252-DB360AFD05D7}.Release|Any CPU.ActiveCfg = Release|Any CPU
		{AE11C59B-4807-41DF-B252-DB360AFD05D7}.Release|Any CPU.Build.0 = Release|Any CPU
	EndGlobalSection
EndGlobal
